{
  "name": "tandem-cert-forge",
  "version": "1.0.0",
  "lockfileVersion": 3,
  "requires": true,
  "packages": {
    "": {
      "name": "tandem-cert-forge",
      "version": "1.0.0",
      "license": "MIT",
      "bin": {
        "tandem-cert-forge": "dist/index.js",
        "tcf": "dist/index.js"
      },
      "engines": {
        "node": ">=18.0.0"
      }
    }
  }
}
